lockfileVersion: '6.0'

settings:
  autoInstallPeers: true
  excludeLinksFromLockfile: false

dependencies:
  '@tailwindcss/vite':
    specifier: ^4.1.3
    version: 4.1.3(vite@6.1.0)
  '@tauri-apps/api':
    specifier: ^2.8.0
    version: 2.8.0
  '@tauri-apps/plugin-dialog':
    specifier: ~2
    version: 2.4.0
  '@tauri-apps/plugin-http':
    specifier: ~2
    version: 2.5.2
  '@tauri-apps/plugin-opener':
    specifier: ^2
    version: 2.2.5
  '@vueuse/core':
    specifier: ^13.1.0
    version: 13.1.0(vue@3.5.13)
  '@vueuse/integrations':
    specifier: ^13.9.0
    version: 13.9.0(fuse.js@7.1.0)(vue@3.5.13)
  fuse.js:
    specifier: ^7.1.0
    version: 7.1.0
  lodash-es:
    specifier: ^4.17.21
    version: 4.17.21
  nanoid:
    specifier: ^5.1.5
    version: 5.1.5
  tailwindcss:
    specifier: ^4.1.3
    version: 4.1.3
  vue:
    specifier: ^3.5.13
    version: 3.5.13(typescript@5.6.3)

devDependencies:
  '@tauri-apps/cli':
    specifier: ^2.8.4
    version: 2.8.4
  '@types/lodash-es':
    specifier: ^4.17.12
    version: 4.17.12
  '@vitejs/plugin-vue':
    specifier: ^5.2.1
    version: 5.2.1(vite@6.1.0)(vue@3.5.13)
  typescript:
    specifier: ~5.6.2
    version: 5.6.3
  vite:
    specifier: ^6.0.3
    version: 6.1.0
  vue-tsc:
    specifier: ^2.1.10
    version: 2.2.2(typescript@5.6.3)

packages:

  /@babel/helper-string-parser@7.25.9:
    resolution: {integrity: sha512-4A/SCr/2KLd5jrtOMFzaKjVtAei3+2r/NChoBNoZ3EyP/+GlhoaEGoWOZUmFmoITP7zOJyHIMm+DYRd8o3PvHA==}
    engines: {node: '>=6.9.0'}

  /@babel/helper-validator-identifier@7.25.9:
    resolution: {integrity: sha512-Ed61U6XJc3CVRfkERJWDz4dJwKe7iLmmJsbOGu9wSloNSFttHV0I8g6UAgb7qnK5ly5bGLPd4oXZlxCdANBOWQ==}
    engines: {node: '>=6.9.0'}

  /@babel/parser@7.26.9:
    resolution: {integrity: sha512-81NWa1njQblgZbQHxWHpxxCzNsa3ZwvFqpUg7P+NNUU6f3UU2jBEg4OlF/J6rl8+PQGh1q6/zWScd001YwcA5A==}
    engines: {node: '>=6.0.0'}
    hasBin: true
    dependencies:
      '@babel/types': 7.26.9

  /@babel/types@7.26.9:
    resolution: {integrity: sha512-Y3IR1cRnOxOCDvMmNiym7XpXQ93iGDDPHx+Zj+NM+rg0fBaShfQLkg+hKPaZCEvg5N/LeCo4+Rj/i3FuJsIQaw==}
    engines: {node: '>=6.9.0'}
    dependencies:
      '@babel/helper-string-parser': 7.25.9
      '@babel/helper-validator-identifier': 7.25.9

  /@esbuild/aix-ppc64@0.24.2:
    resolution: {integrity: sha512-thpVCb/rhxE/BnMLQ7GReQLLN8q9qbHmI55F4489/ByVg2aQaQ6kbcLb6FHkocZzQhxc4gx0sCk0tJkKBFzDhA==}
    engines: {node: '>=18'}
    cpu: [ppc64]
    os: [aix]
    requiresBuild: true
    optional: true

  /@esbuild/android-arm64@0.24.2:
    resolution: {integrity: sha512-cNLgeqCqV8WxfcTIOeL4OAtSmL8JjcN6m09XIgro1Wi7cF4t/THaWEa7eL5CMoMBdjoHOTh/vwTO/o2TRXIyzg==}
    engines: {node: '>=18'}
    cpu: [arm64]
    os: [android]
    requiresBuild: true
    optional: true

  /@esbuild/android-arm@0.24.2:
    resolution: {integrity: sha512-tmwl4hJkCfNHwFB3nBa8z1Uy3ypZpxqxfTQOcHX+xRByyYgunVbZ9MzUUfb0RxaHIMnbHagwAxuTL+tnNM+1/Q==}
    engines: {node: '>=18'}
    cpu: [arm]
    os: [android]
    requiresBuild: true
    optional: true

  /@esbuild/android-x64@0.24.2:
    resolution: {integrity: sha512-B6Q0YQDqMx9D7rvIcsXfmJfvUYLoP722bgfBlO5cGvNVb5V/+Y7nhBE3mHV9OpxBf4eAS2S68KZztiPaWq4XYw==}
    engines: {node: '>=18'}
    cpu: [x64]
    os: [android]
    requiresBuild: true
    optional: true

  /@esbuild/darwin-arm64@0.24.2:
    resolution: {integrity: sha512-kj3AnYWc+CekmZnS5IPu9D+HWtUI49hbnyqk0FLEJDbzCIQt7hg7ucF1SQAilhtYpIujfaHr6O0UHlzzSPdOeA==}
    engines: {node: '>=18'}
    cpu: [arm64]
    os: [darwin]
    requiresBuild: true
    optional: true

  /@esbuild/darwin-x64@0.24.2:
    resolution: {integrity: sha512-WeSrmwwHaPkNR5H3yYfowhZcbriGqooyu3zI/3GGpF8AyUdsrrP0X6KumITGA9WOyiJavnGZUwPGvxvwfWPHIA==}
    engines: {node: '>=18'}
    cpu: [x64]
    os: [darwin]
    requiresBuild: true
    optional: true

  /@esbuild/freebsd-arm64@0.24.2:
    resolution: {integrity: sha512-UN8HXjtJ0k/Mj6a9+5u6+2eZ2ERD7Edt1Q9IZiB5UZAIdPnVKDoG7mdTVGhHJIeEml60JteamR3qhsr1r8gXvg==}
    engines: {node: '>=18'}
    cpu: [arm64]
    os: [freebsd]
    requiresBuild: true
    optional: true

  /@esbuild/freebsd-x64@0.24.2:
    resolution: {integrity: sha512-TvW7wE/89PYW+IevEJXZ5sF6gJRDY/14hyIGFXdIucxCsbRmLUcjseQu1SyTko+2idmCw94TgyaEZi9HUSOe3Q==}
    engines: {node: '>=18'}
    cpu: [x64]
    os: [freebsd]
    requiresBuild: true
    optional: true

  /@esbuild/linux-arm64@0.24.2:
    resolution: {integrity: sha512-7HnAD6074BW43YvvUmE/35Id9/NB7BeX5EoNkK9obndmZBUk8xmJJeU7DwmUeN7tkysslb2eSl6CTrYz6oEMQg==}
    engines: {node: '>=18'}
    cpu: [arm64]
    os: [linux]
    requiresBuild: true
    optional: true

  /@esbuild/linux-arm@0.24.2:
    resolution: {integrity: sha512-n0WRM/gWIdU29J57hJyUdIsk0WarGd6To0s+Y+LwvlC55wt+GT/OgkwoXCXvIue1i1sSNWblHEig00GBWiJgfA==}
    engines: {node: '>=18'}
    cpu: [arm]
    os: [linux]
    requiresBuild: true
    optional: true

  /@esbuild/linux-ia32@0.24.2:
    resolution: {integrity: sha512-sfv0tGPQhcZOgTKO3oBE9xpHuUqguHvSo4jl+wjnKwFpapx+vUDcawbwPNuBIAYdRAvIDBfZVvXprIj3HA+Ugw==}
    engines: {node: '>=18'}
    cpu: [ia32]
    os: [linux]
    requiresBuild: true
    optional: true

  /@esbuild/linux-loong64@0.24.2:
    resolution: {integrity: sha512-CN9AZr8kEndGooS35ntToZLTQLHEjtVB5n7dl8ZcTZMonJ7CCfStrYhrzF97eAecqVbVJ7APOEe18RPI4KLhwQ==}
    engines: {node: '>=18'}
    cpu: [loong64]
    os: [linux]
    requiresBuild: true
    optional: true

  /@esbuild/linux-mips64el@0.24.2:
    resolution: {integrity: sha512-iMkk7qr/wl3exJATwkISxI7kTcmHKE+BlymIAbHO8xanq/TjHaaVThFF6ipWzPHryoFsesNQJPE/3wFJw4+huw==}
    engines: {node: '>=18'}
    cpu: [mips64el]
    os: [linux]
    requiresBuild: true
    optional: true

  /@esbuild/linux-ppc64@0.24.2:
    resolution: {integrity: sha512-shsVrgCZ57Vr2L8mm39kO5PPIb+843FStGt7sGGoqiiWYconSxwTiuswC1VJZLCjNiMLAMh34jg4VSEQb+iEbw==}
    engines: {node: '>=18'}
    cpu: [ppc64]
    os: [linux]
    requiresBuild: true
    optional: true

  /@esbuild/linux-riscv64@0.24.2:
    resolution: {integrity: sha512-4eSFWnU9Hhd68fW16GD0TINewo1L6dRrB+oLNNbYyMUAeOD2yCK5KXGK1GH4qD/kT+bTEXjsyTCiJGHPZ3eM9Q==}
    engines: {node: '>=18'}
    cpu: [riscv64]
    os: [linux]
    requiresBuild: true
    optional: true

  /@esbuild/linux-s390x@0.24.2:
    resolution: {integrity: sha512-S0Bh0A53b0YHL2XEXC20bHLuGMOhFDO6GN4b3YjRLK//Ep3ql3erpNcPlEFed93hsQAjAQDNsvcK+hV90FubSw==}
    engines: {node: '>=18'}
    cpu: [s390x]
    os: [linux]
    requiresBuild: true
    optional: true

  /@esbuild/linux-x64@0.24.2:
    resolution: {integrity: sha512-8Qi4nQcCTbLnK9WoMjdC9NiTG6/E38RNICU6sUNqK0QFxCYgoARqVqxdFmWkdonVsvGqWhmm7MO0jyTqLqwj0Q==}
    engines: {node: '>=18'}
    cpu: [x64]
    os: [linux]
    requiresBuild: true
    optional: true

  /@esbuild/netbsd-arm64@0.24.2:
    resolution: {integrity: sha512-wuLK/VztRRpMt9zyHSazyCVdCXlpHkKm34WUyinD2lzK07FAHTq0KQvZZlXikNWkDGoT6x3TD51jKQ7gMVpopw==}
    engines: {node: '>=18'}
    cpu: [arm64]
    os: [netbsd]
    requiresBuild: true
    optional: true

  /@esbuild/netbsd-x64@0.24.2:
    resolution: {integrity: sha512-VefFaQUc4FMmJuAxmIHgUmfNiLXY438XrL4GDNV1Y1H/RW3qow68xTwjZKfj/+Plp9NANmzbH5R40Meudu8mmw==}
    engines: {node: '>=18'}
    cpu: [x64]
    os: [netbsd]
    requiresBuild: true
    optional: true

  /@esbuild/openbsd-arm64@0.24.2:
    resolution: {integrity: sha512-YQbi46SBct6iKnszhSvdluqDmxCJA+Pu280Av9WICNwQmMxV7nLRHZfjQzwbPs3jeWnuAhE9Jy0NrnJ12Oz+0A==}
    engines: {node: '>=18'}
    cpu: [arm64]
    os: [openbsd]
    requiresBuild: true
    optional: true

  /@esbuild/openbsd-x64@0.24.2:
    resolution: {integrity: sha512-+iDS6zpNM6EnJyWv0bMGLWSWeXGN/HTaF/LXHXHwejGsVi+ooqDfMCCTerNFxEkM3wYVcExkeGXNqshc9iMaOA==}
    engines: {node: '>=18'}
    cpu: [x64]
    os: [openbsd]
    requiresBuild: true
    optional: true

  /@esbuild/sunos-x64@0.24.2:
    resolution: {integrity: sha512-hTdsW27jcktEvpwNHJU4ZwWFGkz2zRJUz8pvddmXPtXDzVKTTINmlmga3ZzwcuMpUvLw7JkLy9QLKyGpD2Yxig==}
    engines: {node: '>=18'}
    cpu: [x64]
    os: [sunos]
    requiresBuild: true
    optional: true

  /@esbuild/win32-arm64@0.24.2:
    resolution: {integrity: sha512-LihEQ2BBKVFLOC9ZItT9iFprsE9tqjDjnbulhHoFxYQtQfai7qfluVODIYxt1PgdoyQkz23+01rzwNwYfutxUQ==}
    engines: {node: '>=18'}
    cpu: [arm64]
    os: [win32]
    requiresBuild: true
    optional: true

  /@esbuild/win32-ia32@0.24.2:
    resolution: {integrity: sha512-q+iGUwfs8tncmFC9pcnD5IvRHAzmbwQ3GPS5/ceCyHdjXubwQWI12MKWSNSMYLJMq23/IUCvJMS76PDqXe1fxA==}
    engines: {node: '>=18'}
    cpu: [ia32]
    os: [win32]
    requiresBuild: true
    optional: true

  /@esbuild/win32-x64@0.24.2:
    resolution: {integrity: sha512-7VTgWzgMGvup6aSqDPLiW5zHaxYJGTO4OokMjIlrCtf+VpEL+cXKtCvg723iguPYI5oaUNdS+/V7OU2gvXVWEg==}
    engines: {node: '>=18'}
    cpu: [x64]
    os: [win32]
    requiresBuild: true
    optional: true

  /@jridgewell/sourcemap-codec@1.5.0:
    resolution: {integrity: sha512-gv3ZRaISU3fjPAgNsriBRqGWQL6quFx04YMPW/zD8XMLsU32mhCCbfbO6KZFLjvYpCZ8zyDEgqsgf+PwPaM7GQ==}

  /@rollup/rollup-android-arm-eabi@4.34.8:
    resolution: {integrity: sha512-q217OSE8DTp8AFHuNHXo0Y86e1wtlfVrXiAlwkIvGRQv9zbc6mE3sjIVfwI8sYUyNxwOg0j/Vm1RKM04JcWLJw==}
    cpu: [arm]
    os: [android]
    requiresBuild: true
    optional: true

  /@rollup/rollup-android-arm64@4.34.8:
    resolution: {integrity: sha512-Gigjz7mNWaOL9wCggvoK3jEIUUbGul656opstjaUSGC3eT0BM7PofdAJaBfPFWWkXNVAXbaQtC99OCg4sJv70Q==}
    cpu: [arm64]
    os: [android]
    requiresBuild: true
    optional: true

  /@rollup/rollup-darwin-arm64@4.34.8:
    resolution: {integrity: sha512-02rVdZ5tgdUNRxIUrFdcMBZQoaPMrxtwSb+/hOfBdqkatYHR3lZ2A2EGyHq2sGOd0Owk80oV3snlDASC24He3Q==}
    cpu: [arm64]
    os: [darwin]
    requiresBuild: true
    optional: true

  /@rollup/rollup-darwin-x64@4.34.8:
    resolution: {integrity: sha512-qIP/elwR/tq/dYRx3lgwK31jkZvMiD6qUtOycLhTzCvrjbZ3LjQnEM9rNhSGpbLXVJYQ3rq39A6Re0h9tU2ynw==}
    cpu: [x64]
    os: [darwin]
    requiresBuild: true
    optional: true

  /@rollup/rollup-freebsd-arm64@4.34.8:
    resolution: {integrity: sha512-IQNVXL9iY6NniYbTaOKdrlVP3XIqazBgJOVkddzJlqnCpRi/yAeSOa8PLcECFSQochzqApIOE1GHNu3pCz+BDA==}
    cpu: [arm64]
    os: [freebsd]
    requiresBuild: true
    optional: true

  /@rollup/rollup-freebsd-x64@4.34.8:
    resolution: {integrity: sha512-TYXcHghgnCqYFiE3FT5QwXtOZqDj5GmaFNTNt3jNC+vh22dc/ukG2cG+pi75QO4kACohZzidsq7yKTKwq/Jq7Q==}
    cpu: [x64]
    os: [freebsd]
    requiresBuild: true
    optional: true

  /@rollup/rollup-linux-arm-gnueabihf@4.34.8:
    resolution: {integrity: sha512-A4iphFGNkWRd+5m3VIGuqHnG3MVnqKe7Al57u9mwgbyZ2/xF9Jio72MaY7xxh+Y87VAHmGQr73qoKL9HPbXj1g==}
    cpu: [arm]
    os: [linux]
    requiresBuild: true
    optional: true

  /@rollup/rollup-linux-arm-musleabihf@4.34.8:
    resolution: {integrity: sha512-S0lqKLfTm5u+QTxlFiAnb2J/2dgQqRy/XvziPtDd1rKZFXHTyYLoVL58M/XFwDI01AQCDIevGLbQrMAtdyanpA==}
    cpu: [arm]
    os: [linux]
    requiresBuild: true
    optional: true

  /@rollup/rollup-linux-arm64-gnu@4.34.8:
    resolution: {integrity: sha512-jpz9YOuPiSkL4G4pqKrus0pn9aYwpImGkosRKwNi+sJSkz+WU3anZe6hi73StLOQdfXYXC7hUfsQlTnjMd3s1A==}
    cpu: [arm64]
    os: [linux]
    requiresBuild: true
    optional: true

  /@rollup/rollup-linux-arm64-musl@4.34.8:
    resolution: {integrity: sha512-KdSfaROOUJXgTVxJNAZ3KwkRc5nggDk+06P6lgi1HLv1hskgvxHUKZ4xtwHkVYJ1Rep4GNo+uEfycCRRxht7+Q==}
    cpu: [arm64]
    os: [linux]
    requiresBuild: true
    optional: true

  /@rollup/rollup-linux-loongarch64-gnu@4.34.8:
    resolution: {integrity: sha512-NyF4gcxwkMFRjgXBM6g2lkT58OWztZvw5KkV2K0qqSnUEqCVcqdh2jN4gQrTn/YUpAcNKyFHfoOZEer9nwo6uQ==}
    cpu: [loong64]
    os: [linux]
    requiresBuild: true
    optional: true

  /@rollup/rollup-linux-powerpc64le-gnu@4.34.8:
    resolution: {integrity: sha512-LMJc999GkhGvktHU85zNTDImZVUCJ1z/MbAJTnviiWmmjyckP5aQsHtcujMjpNdMZPT2rQEDBlJfubhs3jsMfw==}
    cpu: [ppc64]
    os: [linux]
    requiresBuild: true
    optional: true

  /@rollup/rollup-linux-riscv64-gnu@4.34.8:
    resolution: {integrity: sha512-xAQCAHPj8nJq1PI3z8CIZzXuXCstquz7cIOL73HHdXiRcKk8Ywwqtx2wrIy23EcTn4aZ2fLJNBB8d0tQENPCmw==}
    cpu: [riscv64]
    os: [linux]
    requiresBuild: true
    optional: true

  /@rollup/rollup-linux-s390x-gnu@4.34.8:
    resolution: {integrity: sha512-DdePVk1NDEuc3fOe3dPPTb+rjMtuFw89gw6gVWxQFAuEqqSdDKnrwzZHrUYdac7A7dXl9Q2Vflxpme15gUWQFA==}
    cpu: [s390x]
    os: [linux]
    requiresBuild: true
    optional: true

  /@rollup/rollup-linux-x64-gnu@4.34.8:
    resolution: {integrity: sha512-8y7ED8gjxITUltTUEJLQdgpbPh1sUQ0kMTmufRF/Ns5tI9TNMNlhWtmPKKHCU0SilX+3MJkZ0zERYYGIVBYHIA==}
    cpu: [x64]
    os: [linux]
    requiresBuild: true
    optional: true

  /@rollup/rollup-linux-x64-musl@4.34.8:
    resolution: {integrity: sha512-SCXcP0ZpGFIe7Ge+McxY5zKxiEI5ra+GT3QRxL0pMMtxPfpyLAKleZODi1zdRHkz5/BhueUrYtYVgubqe9JBNQ==}
    cpu: [x64]
    os: [linux]
    requiresBuild: true
    optional: true

  /@rollup/rollup-win32-arm64-msvc@4.34.8:
    resolution: {integrity: sha512-YHYsgzZgFJzTRbth4h7Or0m5O74Yda+hLin0irAIobkLQFRQd1qWmnoVfwmKm9TXIZVAD0nZ+GEb2ICicLyCnQ==}
    cpu: [arm64]
    os: [win32]
    requiresBuild: true
    optional: true

  /@rollup/rollup-win32-ia32-msvc@4.34.8:
    resolution: {integrity: sha512-r3NRQrXkHr4uWy5TOjTpTYojR9XmF0j/RYgKCef+Ag46FWUTltm5ziticv8LdNsDMehjJ543x/+TJAek/xBA2w==}
    cpu: [ia32]
    os: [win32]
    requiresBuild: true
    optional: true

  /@rollup/rollup-win32-x64-msvc@4.34.8:
    resolution: {integrity: sha512-U0FaE5O1BCpZSeE6gBl3c5ObhePQSfk9vDRToMmTkbhCOgW4jqvtS5LGyQ76L1fH8sM0keRp4uDTsbjiUyjk0g==}
    cpu: [x64]
    os: [win32]
    requiresBuild: true
    optional: true

  /@tailwindcss/node@4.1.3:
    resolution: {integrity: sha512-H/6r6IPFJkCfBJZ2dKZiPJ7Ueb2wbL592+9bQEl2r73qbX6yGnmQVIfiUvDRB2YI0a3PWDrzUwkvQx1XW1bNkA==}
    dependencies:
      enhanced-resolve: 5.18.1
      jiti: 2.4.2
      lightningcss: 1.29.2
      tailwindcss: 4.1.3
    dev: false

  /@tailwindcss/oxide-android-arm64@4.1.3:
    resolution: {integrity: sha512-cxklKjtNLwFl3mDYw4XpEfBY+G8ssSg9ADL4Wm6//5woi3XGqlxFsnV5Zb6v07dxw1NvEX2uoqsxO/zWQsgR+g==}
    engines: {node: '>= 10'}
    cpu: [arm64]
    os: [android]
    requiresBuild: true
    dev: false
    optional: true

  /@tailwindcss/oxide-darwin-arm64@4.1.3:
    resolution: {integrity: sha512-mqkf2tLR5VCrjBvuRDwzKNShRu99gCAVMkVsaEOFvv6cCjlEKXRecPu9DEnxp6STk5z+Vlbh1M5zY3nQCXMXhw==}
    engines: {node: '>= 10'}
    cpu: [arm64]
    os: [darwin]
    requiresBuild: true
    dev: false
    optional: true

  /@tailwindcss/oxide-darwin-x64@4.1.3:
    resolution: {integrity: sha512-7sGraGaWzXvCLyxrc7d+CCpUN3fYnkkcso3rCzwUmo/LteAl2ZGCDlGvDD8Y/1D3ngxT8KgDj1DSwOnNewKhmg==}
    engines: {node: '>= 10'}
    cpu: [x64]
    os: [darwin]
    requiresBuild: true
    dev: false
    optional: true

  /@tailwindcss/oxide-freebsd-x64@4.1.3:
    resolution: {integrity: sha512-E2+PbcbzIReaAYZe997wb9rId246yDkCwAakllAWSGqe6VTg9hHle67hfH6ExjpV2LSK/siRzBUs5wVff3RW9w==}
    engines: {node: '>= 10'}
    cpu: [x64]
    os: [freebsd]
    requiresBuild: true
    dev: false
    optional: true

  /@tailwindcss/oxide-linux-arm-gnueabihf@4.1.3:
    resolution: {integrity: sha512-GvfbJ8wjSSjbLFFE3UYz4Eh8i4L6GiEYqCtA8j2Zd2oXriPuom/Ah/64pg/szWycQpzRnbDiJozoxFU2oJZyfg==}
    engines: {node: '>= 10'}
    cpu: [arm]
    os: [linux]
    requiresBuild: true
    dev: false
    optional: true

  /@tailwindcss/oxide-linux-arm64-gnu@4.1.3:
    resolution: {integrity: sha512-35UkuCWQTeG9BHcBQXndDOrpsnt3Pj9NVIB4CgNiKmpG8GnCNXeMczkUpOoqcOhO6Cc/mM2W7kaQ/MTEENDDXg==}
    engines: {node: '>= 10'}
    cpu: [arm64]
    os: [linux]
    requiresBuild: true
    dev: false
    optional: true

  /@tailwindcss/oxide-linux-arm64-musl@4.1.3:
    resolution: {integrity: sha512-dm18aQiML5QCj9DQo7wMbt1Z2tl3Giht54uVR87a84X8qRtuXxUqnKQkRDK5B4bCOmcZ580lF9YcoMkbDYTXHQ==}
    engines: {node: '>= 10'}
    cpu: [arm64]
    os: [linux]
    requiresBuild: true
    dev: false
    optional: true

  /@tailwindcss/oxide-linux-x64-gnu@4.1.3:
    resolution: {integrity: sha512-LMdTmGe/NPtGOaOfV2HuO7w07jI3cflPrVq5CXl+2O93DCewADK0uW1ORNAcfu2YxDUS035eY2W38TxrsqngxA==}
    engines: {node: '>= 10'}
    cpu: [x64]
    os: [linux]
    requiresBuild: true
    dev: false
    optional: true

  /@tailwindcss/oxide-linux-x64-musl@4.1.3:
    resolution: {integrity: sha512-aalNWwIi54bbFEizwl1/XpmdDrOaCjRFQRgtbv9slWjmNPuJJTIKPHf5/XXDARc9CneW9FkSTqTbyvNecYAEGw==}
    engines: {node: '>= 10'}
    cpu: [x64]
    os: [linux]
    requiresBuild: true
    dev: false
    optional: true

  /@tailwindcss/oxide-win32-arm64-msvc@4.1.3:
    resolution: {integrity: sha512-PEj7XR4OGTGoboTIAdXicKuWl4EQIjKHKuR+bFy9oYN7CFZo0eu74+70O4XuERX4yjqVZGAkCdglBODlgqcCXg==}
    engines: {node: '>= 10'}
    cpu: [arm64]
    os: [win32]
    requiresBuild: true
    dev: false
    optional: true

  /@tailwindcss/oxide-win32-x64-msvc@4.1.3:
    resolution: {integrity: sha512-T8gfxECWDBENotpw3HR9SmNiHC9AOJdxs+woasRZ8Q/J4VHN0OMs7F+4yVNZ9EVN26Wv6mZbK0jv7eHYuLJLwA==}
    engines: {node: '>= 10'}
    cpu: [x64]
    os: [win32]
    requiresBuild: true
    dev: false
    optional: true

  /@tailwindcss/oxide@4.1.3:
    resolution: {integrity: sha512-t16lpHCU7LBxDe/8dCj9ntyNpXaSTAgxWm1u2XQP5NiIu4KGSyrDJJRlK9hJ4U9yJxx0UKCVI67MJWFNll5mOQ==}
    engines: {node: '>= 10'}
    optionalDependencies:
      '@tailwindcss/oxide-android-arm64': 4.1.3
      '@tailwindcss/oxide-darwin-arm64': 4.1.3
      '@tailwindcss/oxide-darwin-x64': 4.1.3
      '@tailwindcss/oxide-freebsd-x64': 4.1.3
      '@tailwindcss/oxide-linux-arm-gnueabihf': 4.1.3
      '@tailwindcss/oxide-linux-arm64-gnu': 4.1.3
      '@tailwindcss/oxide-linux-arm64-musl': 4.1.3
      '@tailwindcss/oxide-linux-x64-gnu': 4.1.3
      '@tailwindcss/oxide-linux-x64-musl': 4.1.3
      '@tailwindcss/oxide-win32-arm64-msvc': 4.1.3
      '@tailwindcss/oxide-win32-x64-msvc': 4.1.3
    dev: false

  /@tailwindcss/vite@4.1.3(vite@6.1.0):
    resolution: {integrity: sha512-lUI/QaDxLtlV52Lho6pu07CG9pSnRYLOPmKGIQjyHdTBagemc6HmgZxyjGAQ/5HMPrNeWBfTVIpQl0/jLXvWHQ==}
    peerDependencies:
      vite: ^5.2.0 || ^6
    dependencies:
      '@tailwindcss/node': 4.1.3
      '@tailwindcss/oxide': 4.1.3
      tailwindcss: 4.1.3
      vite: 6.1.0
    dev: false

  /@tauri-apps/api@2.8.0:
    resolution: {integrity: sha512-ga7zdhbS2GXOMTIZRT0mYjKJtR9fivsXzsyq5U3vjDL0s6DTMwYRm0UHNjzTY5dh4+LSC68Sm/7WEiimbQNYlw==}
    dev: false

  /@tauri-apps/cli-darwin-arm64@2.8.4:
    resolution: {integrity: sha512-BKu8HRkYV01SMTa7r4fLx+wjgtRK8Vep7lmBdHDioP6b8XH3q2KgsAyPWfEZaZIkZ2LY4SqqGARaE9oilNe0oA==}
    engines: {node: '>= 10'}
    cpu: [arm64]
    os: [darwin]
    requiresBuild: true
    dev: true
    optional: true

  /@tauri-apps/cli-darwin-x64@2.8.4:
    resolution: {integrity: sha512-imb9PfSd/7G6VAO7v1bQ2A3ZH4NOCbhGJFLchxzepGcXf9NKkfun157JH9mko29K6sqAwuJ88qtzbKCbWJTH9g==}
    engines: {node: '>= 10'}
    cpu: [x64]
    os: [darwin]
    requiresBuild: true
    dev: true
    optional: true

  /@tauri-apps/cli-linux-arm-gnueabihf@2.8.4:
    resolution: {integrity: sha512-Ml215UnDdl7/fpOrF1CNovym/KjtUbCuPgrcZ4IhqUCnhZdXuphud/JT3E8X97Y03TZ40Sjz8raXYI2ET0exzw==}
    engines: {node: '>= 10'}
    cpu: [arm]
    os: [linux]
    requiresBuild: true
    dev: true
    optional: true

  /@tauri-apps/cli-linux-arm64-gnu@2.8.4:
    resolution: {integrity: sha512-pbcgBpMyI90C83CxE5REZ9ODyIlmmAPkkJXtV398X3SgZEIYy5TACYqlyyv2z5yKgD8F8WH4/2fek7+jH+ZXAw==}
    engines: {node: '>= 10'}
    cpu: [arm64]
    os: [linux]
    requiresBuild: true
    dev: true
    optional: true

  /@tauri-apps/cli-linux-arm64-musl@2.8.4:
    resolution: {integrity: sha512-zumFeaU1Ws5Ay872FTyIm7z8kfzEHu8NcIn8M6TxbJs0a7GRV21KBdpW1zNj2qy7HynnpQCqjAYXTUUmm9JAOw==}
    engines: {node: '>= 10'}
    cpu: [arm64]
    os: [linux]
    requiresBuild: true
    dev: true
    optional: true

  /@tauri-apps/cli-linux-riscv64-gnu@2.8.4:
    resolution: {integrity: sha512-qiqbB3Zz6IyO201f+1ojxLj65WYj8mixL5cOMo63nlg8CIzsP23cPYUrx1YaDPsCLszKZo7tVs14pc7BWf+/aQ==}
    engines: {node: '>= 10'}
    cpu: [riscv64]
    os: [linux]
    requiresBuild: true
    dev: true
    optional: true

  /@tauri-apps/cli-linux-x64-gnu@2.8.4:
    resolution: {integrity: sha512-TaqaDd9Oy6k45Hotx3pOf+pkbsxLaApv4rGd9mLuRM1k6YS/aw81YrsMryYPThrxrScEIUcmNIHaHsLiU4GMkw==}
    engines: {node: '>= 10'}
    cpu: [x64]
    os: [linux]
    requiresBuild: true
    dev: true
    optional: true

  /@tauri-apps/cli-linux-x64-musl@2.8.4:
    resolution: {integrity: sha512-ot9STAwyezN8w+bBHZ+bqSQIJ0qPZFlz/AyscpGqB/JnJQVDFQcRDmUPFEaAtt2UUHSWzN3GoTJ5ypqLBp2WQA==}
    engines: {node: '>= 10'}
    cpu: [x64]
    os: [linux]
    requiresBuild: true
    dev: true
    optional: true

  /@tauri-apps/cli-win32-arm64-msvc@2.8.4:
    resolution: {integrity: sha512-+2aJ/g90dhLiOLFSD1PbElXX3SoMdpO7HFPAZB+xot3CWlAZD1tReUFy7xe0L5GAR16ZmrxpIDM9v9gn5xRy/w==}
    engines: {node: '>= 10'}
    cpu: [arm64]
    os: [win32]
    requiresBuild: true
    dev: true
    optional: true

  /@tauri-apps/cli-win32-ia32-msvc@2.8.4:
    resolution: {integrity: sha512-yj7WDxkL1t9Uzr2gufQ1Hl7hrHuFKTNEOyascbc109EoiAqCp0tgZ2IykQqOZmZOHU884UAWI1pVMqBhS/BfhA==}
    engines: {node: '>= 10'}
    cpu: [ia32]
    os: [win32]
    requiresBuild: true
    dev: true
    optional: true

  /@tauri-apps/cli-win32-x64-msvc@2.8.4:
    resolution: {integrity: sha512-XuvGB4ehBdd7QhMZ9qbj/8icGEatDuBNxyYHbLKsTYh90ggUlPa/AtaqcC1Fo69lGkTmq9BOKrs1aWSi7xDonA==}
    engines: {node: '>= 10'}
    cpu: [x64]
    os: [win32]
    requiresBuild: true
    dev: true
    optional: true

  /@tauri-apps/cli@2.8.4:
    resolution: {integrity: sha512-ejUZBzuQRcjFV+v/gdj/DcbyX/6T4unZQjMSBZwLzP/CymEjKcc2+Fc8xTORThebHDUvqoXMdsCZt8r+hyN15g==}
    engines: {node: '>= 10'}
    hasBin: true
    optionalDependencies:
      '@tauri-apps/cli-darwin-arm64': 2.8.4
      '@tauri-apps/cli-darwin-x64': 2.8.4
      '@tauri-apps/cli-linux-arm-gnueabihf': 2.8.4
      '@tauri-apps/cli-linux-arm64-gnu': 2.8.4
      '@tauri-apps/cli-linux-arm64-musl': 2.8.4
      '@tauri-apps/cli-linux-riscv64-gnu': 2.8.4
      '@tauri-apps/cli-linux-x64-gnu': 2.8.4
      '@tauri-apps/cli-linux-x64-musl': 2.8.4
      '@tauri-apps/cli-win32-arm64-msvc': 2.8.4
      '@tauri-apps/cli-win32-ia32-msvc': 2.8.4
      '@tauri-apps/cli-win32-x64-msvc': 2.8.4
    dev: true

  /@tauri-apps/plugin-dialog@2.4.0:
    resolution: {integrity: sha512-OvXkrEBfWwtd8tzVCEXIvRfNEX87qs2jv6SqmVPiHcJjBhSF/GUvjqUNIDmKByb5N8nvDqVUM7+g1sXwdC/S9w==}
    dependencies:
      '@tauri-apps/api': 2.8.0
    dev: false

  /@tauri-apps/plugin-http@2.5.2:
    resolution: {integrity: sha512-x1mQKHSLDk4mS2S938OTeyk8L7QyLpCrKZCZcjkljGsvTvRMojCvI9SeJ1kaxc7t8xSilkC7WdId8xER9TIGLg==}
    dependencies:
      '@tauri-apps/api': 2.8.0
    dev: false

  /@tauri-apps/plugin-opener@2.2.5:
    resolution: {integrity: sha512-hHsJ9RPWpZvZEPVFaL+d25gABMUMOf/A6ESXnvf/ii9guTukj58WXsAE/SOysXRIhej7kseRCxnOnIMpSCdUsQ==}
    dependencies:
      '@tauri-apps/api': 2.8.0
    dev: false

  /@types/estree@1.0.6:
    resolution: {integrity: sha512-AYnb1nQyY49te+VRAVgmzfcgjYS91mY5P0TKUDCLEM+gNnA+3T6rWITXRLYCpahpqSQbN5cE+gHpnPyXjHWxcw==}

  /@types/lodash-es@4.17.12:
    resolution: {integrity: sha512-0NgftHUcV4v34VhXm8QBSftKVXtbkBG3ViCjs6+eJ5a6y6Mi/jiFGPc1sC7QK+9BFhWrURE3EOggmWaSxL9OzQ==}
    dependencies:
      '@types/lodash': 4.17.16
    dev: true

  /@types/lodash@4.17.16:
    resolution: {integrity: sha512-HX7Em5NYQAXKW+1T+FiuG27NGwzJfCX3s1GjOa7ujxZa52kjJLOr4FUxT+giF6Tgxv1e+/czV/iTtBw27WTU9g==}
    dev: true

  /@types/web-bluetooth@0.0.21:
    resolution: {integrity: sha512-oIQLCGWtcFZy2JW77j9k8nHzAOpqMHLQejDA48XXMWH6tjCQHz5RCFz1bzsmROyL6PUm+LLnUiI4BCn221inxA==}
    dev: false

  /@vitejs/plugin-vue@5.2.1(vite@6.1.0)(vue@3.5.13):
    resolution: {integrity: sha512-cxh314tzaWwOLqVes2gnnCtvBDcM1UMdn+iFR+UjAn411dPT3tOmqrJjbMd7koZpMAmBM/GqeV4n9ge7JSiJJQ==}
    engines: {node: ^18.0.0 || >=20.0.0}
    peerDependencies:
      vite: ^5.0.0 || ^6.0.0
      vue: ^3.2.25
    dependencies:
      vite: 6.1.0
      vue: 3.5.13(typescript@5.6.3)
    dev: true

  /@volar/language-core@2.4.11:
    resolution: {integrity: sha512-lN2C1+ByfW9/JRPpqScuZt/4OrUUse57GLI6TbLgTIqBVemdl1wNcZ1qYGEo2+Gw8coYLgCy7SuKqn6IrQcQgg==}
    dependencies:
      '@volar/source-map': 2.4.11
    dev: true

  /@volar/source-map@2.4.11:
    resolution: {integrity: sha512-ZQpmafIGvaZMn/8iuvCFGrW3smeqkq/IIh9F1SdSx9aUl0J4Iurzd6/FhmjNO5g2ejF3rT45dKskgXWiofqlZQ==}
    dev: true

  /@volar/typescript@2.4.11:
    resolution: {integrity: sha512-2DT+Tdh88Spp5PyPbqhyoYavYCPDsqbHLFwcUI9K1NlY1YgUJvujGdrqUp0zWxnW7KWNTr3xSpMuv2WnaTKDAw==}
    dependencies:
      '@volar/language-core': 2.4.11
      path-browserify: 1.0.1
      vscode-uri: 3.1.0
    dev: true

  /@vue/compiler-core@3.5.13:
    resolution: {integrity: sha512-oOdAkwqUfW1WqpwSYJce06wvt6HljgY3fGeM9NcVA1HaYOij3mZG9Rkysn0OHuyUAGMbEbARIpsG+LPVlBJ5/Q==}
    dependencies:
      '@babel/parser': 7.26.9
      '@vue/shared': 3.5.13
      entities: 4.5.0
      estree-walker: 2.0.2
      source-map-js: 1.2.1

  /@vue/compiler-dom@3.5.13:
    resolution: {integrity: sha512-ZOJ46sMOKUjO3e94wPdCzQ6P1Lx/vhp2RSvfaab88Ajexs0AHeV0uasYhi99WPaogmBlRHNRuly8xV75cNTMDA==}
    dependencies:
      '@vue/compiler-core': 3.5.13
      '@vue/shared': 3.5.13

  /@vue/compiler-sfc@3.5.13:
    resolution: {integrity: sha512-6VdaljMpD82w6c2749Zhf5T9u5uLBWKnVue6XWxprDobftnletJ8+oel7sexFfM3qIxNmVE7LSFGTpv6obNyaQ==}
    dependencies:
      '@babel/parser': 7.26.9
      '@vue/compiler-core': 3.5.13
      '@vue/compiler-dom': 3.5.13
      '@vue/compiler-ssr': 3.5.13
      '@vue/shared': 3.5.13
      estree-walker: 2.0.2
      magic-string: 0.30.17
      postcss: 8.5.2
      source-map-js: 1.2.1

  /@vue/compiler-ssr@3.5.13:
    resolution: {integrity: sha512-wMH6vrYHxQl/IybKJagqbquvxpWCuVYpoUJfCqFZwa/JY1GdATAQ+TgVtgrwwMZ0D07QhA99rs/EAAWfvG6KpA==}
    dependencies:
      '@vue/compiler-dom': 3.5.13
      '@vue/shared': 3.5.13

  /@vue/compiler-vue2@2.7.16:
    resolution: {integrity: sha512-qYC3Psj9S/mfu9uVi5WvNZIzq+xnXMhOwbTFKKDD7b1lhpnn71jXSFdTQ+WsIEk0ONCd7VV2IMm7ONl6tbQ86A==}
    dependencies:
      de-indent: 1.0.2
      he: 1.2.0
    dev: true

  /@vue/language-core@2.2.2(typescript@5.6.3):
    resolution: {integrity: sha512-QotO41kurE5PLf3vrNgGTk3QswO2PdUFjBwNiOi7zMmGhwb25PSTh9hD1MCgKC06AVv+8sZQvlL3Do4TTVHSiQ==}
    peerDependencies:
      typescript: '*'
    peerDependenciesMeta:
      typescript:
        optional: true
    dependencies:
      '@volar/language-core': 2.4.11
      '@vue/compiler-dom': 3.5.13
      '@vue/compiler-vue2': 2.7.16
      '@vue/shared': 3.5.13
      alien-signals: 1.0.3
      minimatch: 9.0.5
      muggle-string: 0.4.1
      path-browserify: 1.0.1
      typescript: 5.6.3
    dev: true

  /@vue/reactivity@3.5.13:
    resolution: {integrity: sha512-NaCwtw8o48B9I6L1zl2p41OHo/2Z4wqYGGIK1Khu5T7yxrn+ATOixn/Udn2m+6kZKB/J7cuT9DbWWhRxqixACg==}
    dependencies:
      '@vue/shared': 3.5.13

  /@vue/runtime-core@3.5.13:
    resolution: {integrity: sha512-Fj4YRQ3Az0WTZw1sFe+QDb0aXCerigEpw418pw1HBUKFtnQHWzwojaukAs2X/c9DQz4MQ4bsXTGlcpGxU/RCIw==}
    dependencies:
      '@vue/reactivity': 3.5.13
      '@vue/shared': 3.5.13

  /@vue/runtime-dom@3.5.13:
    resolution: {integrity: sha512-dLaj94s93NYLqjLiyFzVs9X6dWhTdAlEAciC3Moq7gzAc13VJUdCnjjRurNM6uTLFATRHexHCTu/Xp3eW6yoog==}
    dependencies:
      '@vue/reactivity': 3.5.13
      '@vue/runtime-core': 3.5.13
      '@vue/shared': 3.5.13
      csstype: 3.1.3

  /@vue/server-renderer@3.5.13(vue@3.5.13):
    resolution: {integrity: sha512-wAi4IRJV/2SAW3htkTlB+dHeRmpTiVIK1OGLWV1yeStVSebSQQOwGwIq0D3ZIoBj2C2qpgz5+vX9iEBkTdk5YA==}
    peerDependencies:
      vue: 3.5.13
    dependencies:
      '@vue/compiler-ssr': 3.5.13
      '@vue/shared': 3.5.13
      vue: 3.5.13(typescript@5.6.3)

  /@vue/shared@3.5.13:
    resolution: {integrity: sha512-/hnE/qP5ZoGpol0a5mDi45bOd7t3tjYJBjsgCsivow7D48cJeV5l05RD82lPqi7gRiphZM37rnhW1l6ZoCNNnQ==}

  /@vueuse/core@13.1.0(vue@3.5.13):
    resolution: {integrity: sha512-PAauvdRXZvTWXtGLg8cPUFjiZEddTqmogdwYpnn60t08AA5a8Q4hZokBnpTOnVNqySlFlTcRYIC8OqreV4hv3Q==}
    peerDependencies:
      vue: ^3.5.0
    dependencies:
      '@types/web-bluetooth': 0.0.21
      '@vueuse/metadata': 13.1.0
      '@vueuse/shared': 13.1.0(vue@3.5.13)
      vue: 3.5.13(typescript@5.6.3)
    dev: false

  /@vueuse/core@13.9.0(vue@3.5.13):
    resolution: {integrity: sha512-ts3regBQyURfCE2BcytLqzm8+MmLlo5Ln/KLoxDVcsZ2gzIwVNnQpQOL/UKV8alUqjSZOlpFZcRNsLRqj+OzyA==}
    peerDependencies:
      vue: ^3.5.0
    dependencies:
      '@types/web-bluetooth': 0.0.21
      '@vueuse/metadata': 13.9.0
      '@vueuse/shared': 13.9.0(vue@3.5.13)
      vue: 3.5.13(typescript@5.6.3)
    dev: false

  /@vueuse/integrations@13.9.0(fuse.js@7.1.0)(vue@3.5.13):
    resolution: {integrity: sha512-SDobKBbPIOe0cVL7QxMzGkuUGHvWTdihi9zOrrWaWUgFKe15cwEcwfWmgrcNzjT6kHnNmWuTajPHoIzUjYNYYQ==}
    peerDependencies:
      async-validator: ^4
      axios: ^1
      change-case: ^5
      drauu: ^0.4
      focus-trap: ^7
      fuse.js: ^7
      idb-keyval: ^6
      jwt-decode: ^4
      nprogress: ^0.2
      qrcode: ^1.5
      sortablejs: ^1
      universal-cookie: ^7 || ^8
      vue: ^3.5.0
    peerDependenciesMeta:
      async-validator:
        optional: true
      axios:
        optional: true
      change-case:
        optional: true
      drauu:
        optional: true
      focus-trap:
        optional: true
      fuse.js:
        optional: true
      idb-keyval:
        optional: true
      jwt-decode:
        optional: true
      nprogress:
        optional: true
      qrcode:
        optional: true
      sortablejs:
        optional: true
      universal-cookie:
        optional: true
    dependencies:
      '@vueuse/core': 13.9.0(vue@3.5.13)
      '@vueuse/shared': 13.9.0(vue@3.5.13)
      fuse.js: 7.1.0
      vue: 3.5.13(typescript@5.6.3)
    dev: false

  /@vueuse/metadata@13.1.0:
    resolution: {integrity: sha512-+TDd7/a78jale5YbHX9KHW3cEDav1lz1JptwDvep2zSG8XjCsVE+9mHIzjTOaPbHUAk5XiE4jXLz51/tS+aKQw==}
    dev: false

  /@vueuse/metadata@13.9.0:
    resolution: {integrity: sha512-1AFRvuiGphfF7yWixZa0KwjYH8ulyjDCC0aFgrGRz8+P4kvDFSdXLVfTk5xAN9wEuD1J6z4/myMoYbnHoX07zg==}
    dev: false

  /@vueuse/shared@13.1.0(vue@3.5.13):
    resolution: {integrity: sha512-IVS/qRRjhPTZ6C2/AM3jieqXACGwFZwWTdw5sNTSKk2m/ZpkuuN+ri+WCVUP8TqaKwJYt/KuMwmXspMAw8E6ew==}
    peerDependencies:
      vue: ^3.5.0
    dependencies:
      vue: 3.5.13(typescript@5.6.3)
    dev: false

  /@vueuse/shared@13.9.0(vue@3.5.13):
    resolution: {integrity: sha512-e89uuTLMh0U5cZ9iDpEI2senqPGfbPRTHM/0AaQkcxnpqjkZqDYP8rpfm7edOz8s+pOCOROEy1PIveSW8+fL5g==}
    peerDependencies:
      vue: ^3.5.0
    dependencies:
      vue: 3.5.13(typescript@5.6.3)
    dev: false

  /alien-signals@1.0.3:
    resolution: {integrity: sha512-zQOh3wAYK5ujENxvBBR3CFGF/b6afaSzZ/c9yNhJ1ENrGHETvpUuKQsa93Qrclp0+PzTF93MaZ7scVp1uUozhA==}
    dev: true

  /balanced-match@1.0.2:
    resolution: {integrity: sha512-3oSeUO0TMV67hN1AmbXsK4yaqU7tjiHlbxRDZOpH0KW9+CeX4bRAaX0Anxt0tx2MrpRpWwQaPwIlISEJhYU5Pw==}
    dev: true

  /brace-expansion@2.0.1:
    resolution: {integrity: sha512-XnAIvQ8eM+kC6aULx6wuQiwVsnzsi9d3WxzV3FpWTGA19F621kwdbsAcFKXgKUHZWsy+mY6iL1sHTxWEFCytDA==}
    dependencies:
      balanced-match: 1.0.2
    dev: true

  /csstype@3.1.3:
    resolution: {integrity: sha512-M1uQkMl8rQK/szD0LNhtqxIPLpimGm8sOBwU7lLnCpSbTyY3yeU1Vc7l4KT5zT4s/yOxHH5O7tIuuLOCnLADRw==}

  /de-indent@1.0.2:
    resolution: {integrity: sha512-e/1zu3xH5MQryN2zdVaF0OrdNLUbvWxzMbi+iNA6Bky7l1RoP8a2fIbRocyHclXt/arDrrR6lL3TqFD9pMQTsg==}
    dev: true

  /detect-libc@2.0.3:
    resolution: {integrity: sha512-bwy0MGW55bG41VqxxypOsdSdGqLwXPI/focwgTYCFMbdUiBAxLg9CFzG08sz2aqzknwiX7Hkl0bQENjg8iLByw==}
    engines: {node: '>=8'}
    dev: false

  /enhanced-resolve@5.18.1:
    resolution: {integrity: sha512-ZSW3ma5GkcQBIpwZTSRAI8N71Uuwgs93IezB7mf7R60tC8ZbJideoDNKjHn2O9KIlx6rkGTTEk1xUCK2E1Y2Yg==}
    engines: {node: '>=10.13.0'}
    dependencies:
      graceful-fs: 4.2.11
      tapable: 2.2.1
    dev: false

  /entities@4.5.0:
    resolution: {integrity: sha512-V0hjH4dGPh9Ao5p0MoRY6BVqtwCjhz6vI5LT8AJ55H+4g9/4vbHx1I54fS0XuclLhDHArPQCiMjDxjaL8fPxhw==}
    engines: {node: '>=0.12'}

  /esbuild@0.24.2:
    resolution: {integrity: sha512-+9egpBW8I3CD5XPe0n6BfT5fxLzxrlDzqydF3aviG+9ni1lDC/OvMHcxqEFV0+LANZG5R1bFMWfUrjVsdwxJvA==}
    engines: {node: '>=18'}
    hasBin: true
    requiresBuild: true
    optionalDependencies:
      '@esbuild/aix-ppc64': 0.24.2
      '@esbuild/android-arm': 0.24.2
      '@esbuild/android-arm64': 0.24.2
      '@esbuild/android-x64': 0.24.2
      '@esbuild/darwin-arm64': 0.24.2
      '@esbuild/darwin-x64': 0.24.2
      '@esbuild/freebsd-arm64': 0.24.2
      '@esbuild/freebsd-x64': 0.24.2
      '@esbuild/linux-arm': 0.24.2
      '@esbuild/linux-arm64': 0.24.2
      '@esbuild/linux-ia32': 0.24.2
      '@esbuild/linux-loong64': 0.24.2
      '@esbuild/linux-mips64el': 0.24.2
      '@esbuild/linux-ppc64': 0.24.2
      '@esbuild/linux-riscv64': 0.24.2
      '@esbuild/linux-s390x': 0.24.2
      '@esbuild/linux-x64': 0.24.2
      '@esbuild/netbsd-arm64': 0.24.2
      '@esbuild/netbsd-x64': 0.24.2
      '@esbuild/openbsd-arm64': 0.24.2
      '@esbuild/openbsd-x64': 0.24.2
      '@esbuild/sunos-x64': 0.24.2
      '@esbuild/win32-arm64': 0.24.2
      '@esbuild/win32-ia32': 0.24.2
      '@esbuild/win32-x64': 0.24.2

  /estree-walker@2.0.2:
    resolution: {integrity: sha512-Rfkk/Mp/DL7JVje3u18FxFujQlTNR2q6QfMSMB7AvCBx91NGj/ba3kCfza0f6dVDbw7YlRf/nDrn7pQrCCyQ/w==}

  /fsevents@2.3.3:
    resolution: {integrity: sha512-5xoDfX+fL7faATnagmWPpbFtwh/R77WmMMqqHGS65C3vvB0YHrgF+B1YmZ3441tMj5n63k0212XNoJwzlhffQw==}
    engines: {node: ^8.16.0 || ^10.6.0 || >=11.0.0}
    os: [darwin]
    requiresBuild: true
    optional: true

  /fuse.js@7.1.0:
    resolution: {integrity: sha512-trLf4SzuuUxfusZADLINj+dE8clK1frKdmqiJNb1Es75fmI5oY6X2mxLVUciLLjxqw/xr72Dhy+lER6dGd02FQ==}
    engines: {node: '>=10'}
    dev: false

  /graceful-fs@4.2.11:
    resolution: {integrity: sha512-RbJ5/jmFcNNCcDV5o9eTnBLJ/HszWV0P73bc+Ff4nS/rJj+YaS6IGyiOL0VoBYX+l1Wrl3k63h/KrH+nhJ0XvQ==}
    dev: false

  /he@1.2.0:
    resolution: {integrity: sha512-F/1DnUGPopORZi0ni+CvrCgHQ5FyEAHRLSApuYWMmrbSwoN2Mn/7k+Gl38gJnR7yyDZk6WLXwiGod1JOWNDKGw==}
    hasBin: true
    dev: true

  /jiti@2.4.2:
    resolution: {integrity: sha512-rg9zJN+G4n2nfJl5MW3BMygZX56zKPNVEYYqq7adpmMh4Jn2QNEwhvQlFy6jPVdcod7txZtKHWnyZiA3a0zP7A==}
    hasBin: true
    dev: false

  /lightningcss-darwin-arm64@1.29.2:
    resolution: {integrity: sha512-cK/eMabSViKn/PG8U/a7aCorpeKLMlK0bQeNHmdb7qUnBkNPnL+oV5DjJUo0kqWsJUapZsM4jCfYItbqBDvlcA==}
    engines: {node: '>= 12.0.0'}
    cpu: [arm64]
    os: [darwin]
    requiresBuild: true
    dev: false
    optional: true

  /lightningcss-darwin-x64@1.29.2:
    resolution: {integrity: sha512-j5qYxamyQw4kDXX5hnnCKMf3mLlHvG44f24Qyi2965/Ycz829MYqjrVg2H8BidybHBp9kom4D7DR5VqCKDXS0w==}
    engines: {node: '>= 12.0.0'}
    cpu: [x64]
    os: [darwin]
    requiresBuild: true
    dev: false
    optional: true

  /lightningcss-freebsd-x64@1.29.2:
    resolution: {integrity: sha512-wDk7M2tM78Ii8ek9YjnY8MjV5f5JN2qNVO+/0BAGZRvXKtQrBC4/cn4ssQIpKIPP44YXw6gFdpUF+Ps+RGsCwg==}
    engines: {node: '>= 12.0.0'}
    cpu: [x64]
    os: [freebsd]
    requiresBuild: true
    dev: false
    optional: true

  /lightningcss-linux-arm-gnueabihf@1.29.2:
    resolution: {integrity: sha512-IRUrOrAF2Z+KExdExe3Rz7NSTuuJ2HvCGlMKoquK5pjvo2JY4Rybr+NrKnq0U0hZnx5AnGsuFHjGnNT14w26sg==}
    engines: {node: '>= 12.0.0'}
    cpu: [arm]
    os: [linux]
    requiresBuild: true
    dev: false
    optional: true

  /lightningcss-linux-arm64-gnu@1.29.2:
    resolution: {integrity: sha512-KKCpOlmhdjvUTX/mBuaKemp0oeDIBBLFiU5Fnqxh1/DZ4JPZi4evEH7TKoSBFOSOV3J7iEmmBaw/8dpiUvRKlQ==}
    engines: {node: '>= 12.0.0'}
    cpu: [arm64]
    os: [linux]
    requiresBuild: true
    dev: false
    optional: true

  /lightningcss-linux-arm64-musl@1.29.2:
    resolution: {integrity: sha512-Q64eM1bPlOOUgxFmoPUefqzY1yV3ctFPE6d/Vt7WzLW4rKTv7MyYNky+FWxRpLkNASTnKQUaiMJ87zNODIrrKQ==}
    engines: {node: '>= 12.0.0'}
    cpu: [arm64]
    os: [linux]
    requiresBuild: true
    dev: false
    optional: true

  /lightningcss-linux-x64-gnu@1.29.2:
    resolution: {integrity: sha512-0v6idDCPG6epLXtBH/RPkHvYx74CVziHo6TMYga8O2EiQApnUPZsbR9nFNrg2cgBzk1AYqEd95TlrsL7nYABQg==}
    engines: {node: '>= 12.0.0'}
    cpu: [x64]
    os: [linux]
    requiresBuild: true
    dev: false
    optional: true

  /lightningcss-linux-x64-musl@1.29.2:
    resolution: {integrity: sha512-rMpz2yawkgGT8RULc5S4WiZopVMOFWjiItBT7aSfDX4NQav6M44rhn5hjtkKzB+wMTRlLLqxkeYEtQ3dd9696w==}
    engines: {node: '>= 12.0.0'}
    cpu: [x64]
    os: [linux]
    requiresBuild: true
    dev: false
    optional: true

  /lightningcss-win32-arm64-msvc@1.29.2:
    resolution: {integrity: sha512-nL7zRW6evGQqYVu/bKGK+zShyz8OVzsCotFgc7judbt6wnB2KbiKKJwBE4SGoDBQ1O94RjW4asrCjQL4i8Fhbw==}
    engines: {node: '>= 12.0.0'}
    cpu: [arm64]
    os: [win32]
    requiresBuild: true
    dev: false
    optional: true

  /lightningcss-win32-x64-msvc@1.29.2:
    resolution: {integrity: sha512-EdIUW3B2vLuHmv7urfzMI/h2fmlnOQBk1xlsDxkN1tCWKjNFjfLhGxYk8C8mzpSfr+A6jFFIi8fU6LbQGsRWjA==}
    engines: {node: '>= 12.0.0'}
    cpu: [x64]
    os: [win32]
    requiresBuild: true
    dev: false
    optional: true

  /lightningcss@1.29.2:
    resolution: {integrity: sha512-6b6gd/RUXKaw5keVdSEtqFVdzWnU5jMxTUjA2bVcMNPLwSQ08Sv/UodBVtETLCn7k4S1Ibxwh7k68IwLZPgKaA==}
    engines: {node: '>= 12.0.0'}
    dependencies:
      detect-libc: 2.0.3
    optionalDependencies:
      lightningcss-darwin-arm64: 1.29.2
      lightningcss-darwin-x64: 1.29.2
      lightningcss-freebsd-x64: 1.29.2
      lightningcss-linux-arm-gnueabihf: 1.29.2
      lightningcss-linux-arm64-gnu: 1.29.2
      lightningcss-linux-arm64-musl: 1.29.2
      lightningcss-linux-x64-gnu: 1.29.2
      lightningcss-linux-x64-musl: 1.29.2
      lightningcss-win32-arm64-msvc: 1.29.2
      lightningcss-win32-x64-msvc: 1.29.2
    dev: false

  /lodash-es@4.17.21:
    resolution: {integrity: sha512-mKnC+QJ9pWVzv+C4/U3rRsHapFfHvQFoFB92e52xeyGMcX6/OlIl78je1u8vePzYZSkkogMPJ2yjxxsb89cxyw==}
    dev: false

  /magic-string@0.30.17:
    resolution: {integrity: sha512-sNPKHvyjVf7gyjwS4xGTaW/mCnF8wnjtifKBEhxfZ7E/S8tQ0rssrwGNn6q8JH/ohItJfSQp9mBtQYuTlH5QnA==}
    dependencies:
      '@jridgewell/sourcemap-codec': 1.5.0

  /minimatch@9.0.5:
    resolution: {integrity: sha512-G6T0ZX48xgozx7587koeX9Ys2NYy6Gmv//P89sEte9V9whIapMNF4idKxnW2QtCcLiTWlb/wfCabAtAFWhhBow==}
    engines: {node: '>=16 || 14 >=14.17'}
    dependencies:
      brace-expansion: 2.0.1
    dev: true

  /muggle-string@0.4.1:
    resolution: {integrity: sha512-VNTrAak/KhO2i8dqqnqnAHOa3cYBwXEZe9h+D5h/1ZqFSTEFHdM65lR7RoIqq3tBBYavsOXV84NoHXZ0AkPyqQ==}
    dev: true

  /nanoid@3.3.8:
    resolution: {integrity: sha512-WNLf5Sd8oZxOm+TzppcYk8gVOgP+l58xNy58D0nbUnOxOWRWvlcCV4kUF7ltmI6PsrLl/BgKEyS4mqsGChFN0w==}
    engines: {node: ^10 || ^12 || ^13.7 || ^14 || >=15.0.1}
    hasBin: true

  /nanoid@5.1.5:
    resolution: {integrity: sha512-Ir/+ZpE9fDsNH0hQ3C68uyThDXzYcim2EqcZ8zn8Chtt1iylPT9xXJB0kPCnqzgcEGikO9RxSrh63MsmVCU7Fw==}
    engines: {node: ^18 || >=20}
    hasBin: true
    dev: false

  /path-browserify@1.0.1:
    resolution: {integrity: sha512-b7uo2UCUOYZcnF/3ID0lulOJi/bafxa1xPe7ZPsammBSpjSWQkjNxlt635YGS2MiR9GjvuXCtz2emr3jbsz98g==}
    dev: true

  /picocolors@1.1.1:
    resolution: {integrity: sha512-xceH2snhtb5M9liqDsmEw56le376mTZkEX/jEb/RxNFyegNul7eNslCXP9FDj/Lcu0X8KEyMceP2ntpaHrDEVA==}

  /postcss@8.5.2:
    resolution: {integrity: sha512-MjOadfU3Ys9KYoX0AdkBlFEF1Vx37uCCeN4ZHnmwm9FfpbsGWMZeBLMmmpY+6Ocqod7mkdZ0DT31OlbsFrLlkA==}
    engines: {node: ^10 || ^12 || >=14}
    dependencies:
      nanoid: 3.3.8
      picocolors: 1.1.1
      source-map-js: 1.2.1

  /rollup@4.34.8:
    resolution: {integrity: sha512-489gTVMzAYdiZHFVA/ig/iYFllCcWFHMvUHI1rpFmkoUtRlQxqh6/yiNqnYibjMZ2b/+FUQwldG+aLsEt6bglQ==}
    engines: {node: '>=18.0.0', npm: '>=8.0.0'}
    hasBin: true
    dependencies:
      '@types/estree': 1.0.6
    optionalDependencies:
      '@rollup/rollup-android-arm-eabi': 4.34.8
      '@rollup/rollup-android-arm64': 4.34.8
      '@rollup/rollup-darwin-arm64': 4.34.8
      '@rollup/rollup-darwin-x64': 4.34.8
      '@rollup/rollup-freebsd-arm64': 4.34.8
      '@rollup/rollup-freebsd-x64': 4.34.8
      '@rollup/rollup-linux-arm-gnueabihf': 4.34.8
      '@rollup/rollup-linux-arm-musleabihf': 4.34.8
      '@rollup/rollup-linux-arm64-gnu': 4.34.8
      '@rollup/rollup-linux-arm64-musl': 4.34.8
      '@rollup/rollup-linux-loongarch64-gnu': 4.34.8
      '@rollup/rollup-linux-powerpc64le-gnu': 4.34.8
      '@rollup/rollup-linux-riscv64-gnu': 4.34.8
      '@rollup/rollup-linux-s390x-gnu': 4.34.8
      '@rollup/rollup-linux-x64-gnu': 4.34.8
      '@rollup/rollup-linux-x64-musl': 4.34.8
      '@rollup/rollup-win32-arm64-msvc': 4.34.8
      '@rollup/rollup-win32-ia32-msvc': 4.34.8
      '@rollup/rollup-win32-x64-msvc': 4.34.8
      fsevents: 2.3.3

  /source-map-js@1.2.1:
    resolution: {integrity: sha512-UXWMKhLOwVKb728IUtQPXxfYU+usdybtUrK/8uGE8CQMvrhOpwvzDBwj0QhSL7MQc7vIsISBG8VQ8+IDQxpfQA==}
    engines: {node: '>=0.10.0'}

  /tailwindcss@4.1.3:
    resolution: {integrity: sha512-2Q+rw9vy1WFXu5cIxlvsabCwhU2qUwodGq03ODhLJ0jW4ek5BUtoCsnLB0qG+m8AHgEsSJcJGDSDe06FXlP74g==}
    dev: false

  /tapable@2.2.1:
    resolution: {integrity: sha512-GNzQvQTOIP6RyTfE2Qxb8ZVlNmw0n88vp1szwWRimP02mnTsx3Wtn5qRdqY9w2XduFNUgvOwhNnQsjwCp+kqaQ==}
    engines: {node: '>=6'}
    dev: false

  /typescript@5.6.3:
    resolution: {integrity: sha512-hjcS1mhfuyi4WW8IWtjP7brDrG2cuDZukyrYrSauoXGNgx0S7zceP07adYkJycEr56BOUTNPzbInooiN3fn1qw==}
    engines: {node: '>=14.17'}
    hasBin: true

  /vite@6.1.0:
    resolution: {integrity: sha512-RjjMipCKVoR4hVfPY6GQTgveinjNuyLw+qruksLDvA5ktI1150VmcMBKmQaEWJhg/j6Uaf6dNCNA0AfdzUb/hQ==}
    engines: {node: ^18.0.0 || ^20.0.0 || >=22.0.0}
    hasBin: true
    peerDependencies:
      '@types/node': ^18.0.0 || ^20.0.0 || >=22.0.0
      jiti: '>=1.21.0'
      less: '*'
      lightningcss: ^1.21.0
      sass: '*'
      sass-embedded: '*'
      stylus: '*'
      sugarss: '*'
      terser: ^5.16.0
      tsx: ^4.8.1
      yaml: ^2.4.2
    peerDependenciesMeta:
      '@types/node':
        optional: true
      jiti:
        optional: true
      less:
        optional: true
      lightningcss:
        optional: true
      sass:
        optional: true
      sass-embedded:
        optional: true
      stylus:
        optional: true
      sugarss:
        optional: true
      terser:
        optional: true
      tsx:
        optional: true
      yaml:
        optional: true
    dependencies:
      esbuild: 0.24.2
      postcss: 8.5.2
      rollup: 4.34.8
    optionalDependencies:
      fsevents: 2.3.3

  /vscode-uri@3.1.0:
    resolution: {integrity: sha512-/BpdSx+yCQGnCvecbyXdxHDkuk55/G3xwnC0GqY4gmQ3j+A+g8kzzgB4Nk/SINjqn6+waqw3EgbVF2QKExkRxQ==}
    dev: true

  /vue-tsc@2.2.2(typescript@5.6.3):
    resolution: {integrity: sha512-1icPKkxAA5KTAaSwg0wVWdE48EdsH8fgvcbAiqojP4jXKl6LEM3soiW1aG/zrWrFt8Mw1ncG2vG1PvpZpVfehA==}
    hasBin: true
    peerDependencies:
      typescript: '>=5.0.0'
    dependencies:
      '@volar/typescript': 2.4.11
      '@vue/language-core': 2.2.2(typescript@5.6.3)
      typescript: 5.6.3
    dev: true

  /vue@3.5.13(typescript@5.6.3):
    resolution: {integrity: sha512-wmeiSMxkZCSc+PM2w2VRsOYAZC8GdipNFRTsLSfodVqI9mbejKeXEGr8SckuLnrQPGe3oJN5c3K0vpoU9q/wCQ==}
    peerDependencies:
      typescript: '*'
    peerDependenciesMeta:
      typescript:
        optional: true
    dependencies:
      '@vue/compiler-dom': 3.5.13
      '@vue/compiler-sfc': 3.5.13
      '@vue/runtime-dom': 3.5.13
      '@vue/server-renderer': 3.5.13(vue@3.5.13)
      '@vue/shared': 3.5.13
      typescript: 5.6.3
